
Microsoft Visual Studio Solution File, Format Version 12.00
# Visual Studio 2012
Project("{2150E333-8FDC-42A3-9474-1A3956D46DE8}") = "Infrastructure", "Infrastructure", "{CFDCCA6C-2A11-4D74-82F7-7C21C693453F}"
EndProject
Project("{FAE04EC0-301F-11D3-BF4B-00C04F79EFBC}") = "Ziggurat.Infrastructure", "Infrastructure\Ziggurat.Infrastructure\Ziggurat.Infrastructure.csproj", "{A561ED17-153B-4BD4-B05E-25DB4C522D1E}"
EndProject
Project("{FAE04EC0-301F-11D3-BF4B-00C04F79EFBC}") = "Ziggurat.Contracts", "Ziggurat.Contracts\Ziggurat.Contracts.csproj", "{B2ED7CAD-8488-420F-89F1-2B5DC698084E}"
EndProject
Project("{2150E333-8FDC-42A3-9474-1A3956D46DE8}") = "Definition", "Definition", "{B153F36F-4A23-4A88-B9F3-985BA9B67411}"
	ProjectSection(SolutionItems) = preProject
		Definition\README.md = Definition\README.md
	EndProjectSection
EndProject
Project("{FAE04EC0-301F-11D3-BF4B-00C04F79EFBC}") = "Ziggurat.Definition.Domain", "Definition\Ziggurat.Definition.Domain\Ziggurat.Definition.Domain.csproj", "{033DBA65-B099-4129-B3BE-3C39903329C7}"
EndProject
Project("{FAE04EC0-301F-11D3-BF4B-00C04F79EFBC}") = "Ziggurat.Definition.Domain.Tests", "Definition\Ziggurat.Definition.Domain.Tests\Ziggurat.Definition.Domain.Tests.csproj", "{DC28A70F-2B49-4C8E-83BD-7ADCF1FD5FE2}"
EndProject
Project("{2150E333-8FDC-42A3-9474-1A3956D46DE8}") = ".nuget", ".nuget", "{EA8FC601-AFA6-4B9D-8092-7C55A75A55A5}"
	ProjectSection(SolutionItems) = preProject
		.nuget\NuGet.Config = .nuget\NuGet.Config
		.nuget\nuget.exe = .nuget\nuget.exe
		.nuget\NuGet.targets = .nuget\NuGet.targets
	EndProjectSection
EndProject
Project("{FAE04EC0-301F-11D3-BF4B-00C04F79EFBC}") = "Ziggurat.Infrastructure.Tests", "Infrastructure\Ziggurat.Infrastructure.Tests\Ziggurat.Infrastructure.Tests.csproj", "{8158C075-12FB-4C51-ACDA-260CA816FB6E}"
EndProject
Project("{FAE04EC0-301F-11D3-BF4B-00C04F79EFBC}") = "Ziggurat.Client.Setup", "Infrastructure\Ziggurat.Client.Setup\Ziggurat.Client.Setup.csproj", "{878A7983-395D-4930-A901-DF576E64D070}"
EndProject
Project("{FAE04EC0-301F-11D3-BF4B-00C04F79EFBC}") = "Ziggurat.Definition.Worker", "Definition\Ziggurat.Definition.Worker\Ziggurat.Definition.Worker.csproj", "{E6217A10-AFEA-4EE1-9887-2092E3FDA201}"
EndProject
Project("{FAE04EC0-301F-11D3-BF4B-00C04F79EFBC}") = "Ziggurat.Definition.Client", "Definition\Ziggurat.Definition.Client\Ziggurat.Definition.Client.csproj", "{D4B57488-42AA-4C9D-B67A-D0D2516F2361}"
EndProject
Project("{FAE04EC0-301F-11D3-BF4B-00C04F79EFBC}") = "Ziggurat.Inftastructure.Web", "Infrastructure\Ziggurat.Inftastructure.Web\Ziggurat.Inftastructure.Web.csproj", "{C591D32B-17D8-42B6-8C13-492213B32827}"
EndProject
Project("{FAE04EC0-301F-11D3-BF4B-00C04F79EFBC}") = "Ziggurat.Configuration.Web", "Definition\Ziggurat.Configuration.Web\Ziggurat.Configuration.Web.csproj", "{70AC8F5E-F79D-44AD-B1F2-956D2B6DC55D}"
EndProject
Project("{2150E333-8FDC-42A3-9474-1A3956D46DE8}") = "Registration", "Registration", "{98CC97BE-4FAB-416E-8A2C-097952C4312C}"
EndProject
Project("{FAE04EC0-301F-11D3-BF4B-00C04F79EFBC}") = "Ziggurat.Registration.Domain", "Registration\Ziggurat.Registration.Domain\Ziggurat.Registration.Domain.csproj", "{21E38C29-3990-4A5F-95A0-F895D7FAC64A}"
EndProject
Project("{FAE04EC0-301F-11D3-BF4B-00C04F79EFBC}") = "Ziggurat.Registration.Web", "Registration\Ziggurat.Registration.Web\Ziggurat.Registration.Web.csproj", "{E9930F9B-866F-4E93-9AA8-53030CAA6D43}"
EndProject
Project("{FAE04EC0-301F-11D3-BF4B-00C04F79EFBC}") = "Ziggurat.Registration.Worker", "Registration\Ziggurat.Registration.Worker\Ziggurat.Registration.Worker.csproj", "{FB0C1A27-B0CD-4FAC-BDF9-02921F54A050}"
EndProject
Project("{FAE04EC0-301F-11D3-BF4B-00C04F79EFBC}") = "Ziggurat.Registration.Client", "Registration\Ziggurat.Registration.Client\Ziggurat.Registration.Client.csproj", "{528BED5A-3D3F-424F-981A-8C90B03C4BDF}"
EndProject
Project("{FAE04EC0-301F-11D3-BF4B-00C04F79EFBC}") = "Ziggurar.Registration.Domain.Tests", "Registration\Ziggurar.Registration.Domain.Tests\Ziggurar.Registration.Domain.Tests.csproj", "{D781697C-3E1C-467F-9692-1CB524052923}"
EndProject
Project("{2150E333-8FDC-42A3-9474-1A3956D46DE8}") = "Solution Items", "Solution Items", "{A1240147-2A7D-4FEC-B333-7966DE13E3A8}"
	ProjectSection(SolutionItems) = preProject
		README.md = README.md
	EndProjectSection
EndProject
Global
	GlobalSection(SolutionConfigurationPlatforms) = preSolution
		Debug|Any CPU = Debug|Any CPU
		Release|Any CPU = Release|Any CPU
	EndGlobalSection
	GlobalSection(ProjectConfigurationPlatforms) = postSolution
		{A561ED17-153B-4BD4-B05E-25DB4C522D1E}.Debug|Any CPU.ActiveCfg = Debug|Any CPU
		{A561ED17-153B-4BD4-B05E-25DB4C522D1E}.Debug|Any CPU.Build.0 = Debug|Any CPU
		{A561ED17-153B-4BD4-B05E-25DB4C522D1E}.Release|Any CPU.ActiveCfg = Release|Any CPU
		{A561ED17-153B-4BD4-B05E-25DB4C522D1E}.Release|Any CPU.Build.0 = Release|Any CPU
		{B2ED7CAD-8488-420F-89F1-2B5DC698084E}.Debug|Any CPU.ActiveCfg = Debug|Any CPU
		{B2ED7CAD-8488-420F-89F1-2B5DC698084E}.Debug|Any CPU.Build.0 = Debug|Any CPU
		{B2ED7CAD-8488-420F-89F1-2B5DC698084E}.Release|Any CPU.ActiveCfg = Release|Any CPU
		{B2ED7CAD-8488-420F-89F1-2B5DC698084E}.Release|Any CPU.Build.0 = Release|Any CPU
		{033DBA65-B099-4129-B3BE-3C39903329C7}.Debug|Any CPU.ActiveCfg = Debug|Any CPU
		{033DBA65-B099-4129-B3BE-3C39903329C7}.Debug|Any CPU.Build.0 = Debug|Any CPU
		{033DBA65-B099-4129-B3BE-3C39903329C7}.Release|Any CPU.ActiveCfg = Release|Any CPU
		{033DBA65-B099-4129-B3BE-3C39903329C7}.Release|Any CPU.Build.0 = Release|Any CPU
		{DC28A70F-2B49-4C8E-83BD-7ADCF1FD5FE2}.Debug|Any CPU.ActiveCfg = Debug|Any CPU
		{DC28A70F-2B49-4C8E-83BD-7ADCF1FD5FE2}.Debug|Any CPU.Build.0 = Debug|Any CPU
		{DC28A70F-2B49-4C8E-83BD-7ADCF1FD5FE2}.Release|Any CPU.ActiveCfg = Release|Any CPU
		{DC28A70F-2B49-4C8E-83BD-7ADCF1FD5FE2}.Release|Any CPU.Build.0 = Release|Any CPU
		{8158C075-12FB-4C51-ACDA-260CA816FB6E}.Debug|Any CPU.ActiveCfg = Debug|Any CPU
		{8158C075-12FB-4C51-ACDA-260CA816FB6E}.Debug|Any CPU.Build.0 = Debug|Any CPU
		{8158C075-12FB-4C51-ACDA-260CA816FB6E}.Release|Any CPU.ActiveCfg = Release|Any CPU
		{8158C075-12FB-4C51-ACDA-260CA816FB6E}.Release|Any CPU.Build.0 = Release|Any CPU
		{878A7983-395D-4930-A901-DF576E64D070}.Debug|Any CPU.ActiveCfg = Debug|Any CPU
		{878A7983-395D-4930-A901-DF576E64D070}.Debug|Any CPU.Build.0 = Debug|Any CPU
		{878A7983-395D-4930-A901-DF576E64D070}.Release|Any CPU.ActiveCfg = Release|Any CPU
		{878A7983-395D-4930-A901-DF576E64D070}.Release|Any CPU.Build.0 = Release|Any CPU
		{E6217A10-AFEA-4EE1-9887-2092E3FDA201}.Debug|Any CPU.ActiveCfg = Debug|Any CPU
		{E6217A10-AFEA-4EE1-9887-2092E3FDA201}.Debug|Any CPU.Build.0 = Debug|Any CPU
		{E6217A10-AFEA-4EE1-9887-2092E3FDA201}.Release|Any CPU.ActiveCfg = Release|Any CPU
		{E6217A10-AFEA-4EE1-9887-2092E3FDA201}.Release|Any CPU.Build.0 = Release|Any CPU
		{D4B57488-42AA-4C9D-B67A-D0D2516F2361}.Debug|Any CPU.ActiveCfg = Debug|Any CPU
		{D4B57488-42AA-4C9D-B67A-D0D2516F2361}.Debug|Any CPU.Build.0 = Debug|Any CPU
		{D4B57488-42AA-4C9D-B67A-D0D2516F2361}.Release|Any CPU.ActiveCfg = Release|Any CPU
		{D4B57488-42AA-4C9D-B67A-D0D2516F2361}.Release|Any CPU.Build.0 = Release|Any CPU
		{C591D32B-17D8-42B6-8C13-492213B32827}.Debug|Any CPU.ActiveCfg = Debug|Any CPU
		{C591D32B-17D8-42B6-8C13-492213B32827}.Debug|Any CPU.Build.0 = Debug|Any CPU
		{C591D32B-17D8-42B6-8C13-492213B32827}.Release|Any CPU.ActiveCfg = Release|Any CPU
		{C591D32B-17D8-42B6-8C13-492213B32827}.Release|Any CPU.Build.0 = Release|Any CPU
		{70AC8F5E-F79D-44AD-B1F2-956D2B6DC55D}.Debug|Any CPU.ActiveCfg = Debug|Any CPU
		{70AC8F5E-F79D-44AD-B1F2-956D2B6DC55D}.Debug|Any CPU.Build.0 = Debug|Any CPU
		{70AC8F5E-F79D-44AD-B1F2-956D2B6DC55D}.Release|Any CPU.ActiveCfg = Release|Any CPU
		{70AC8F5E-F79D-44AD-B1F2-956D2B6DC55D}.Release|Any CPU.Build.0 = Release|Any CPU
		{21E38C29-3990-4A5F-95A0-F895D7FAC64A}.Debug|Any CPU.ActiveCfg = Debug|Any CPU
		{21E38C29-3990-4A5F-95A0-F895D7FAC64A}.Debug|Any CPU.Build.0 = Debug|Any CPU
		{21E38C29-3990-4A5F-95A0-F895D7FAC64A}.Release|Any CPU.ActiveCfg = Release|Any CPU
		{21E38C29-3990-4A5F-95A0-F895D7FAC64A}.Release|Any CPU.Build.0 = Release|Any CPU
		{E9930F9B-866F-4E93-9AA8-53030CAA6D43}.Debug|Any CPU.ActiveCfg = Debug|Any CPU
		{E9930F9B-866F-4E93-9AA8-53030CAA6D43}.Debug|Any CPU.Build.0 = Debug|Any CPU
		{E9930F9B-866F-4E93-9AA8-53030CAA6D43}.Release|Any CPU.ActiveCfg = Release|Any CPU
		{E9930F9B-866F-4E93-9AA8-53030CAA6D43}.Release|Any CPU.Build.0 = Release|Any CPU
		{FB0C1A27-B0CD-4FAC-BDF9-02921F54A050}.Debug|Any CPU.ActiveCfg = Debug|Any CPU
		{FB0C1A27-B0CD-4FAC-BDF9-02921F54A050}.Debug|Any CPU.Build.0 = Debug|Any CPU
		{FB0C1A27-B0CD-4FAC-BDF9-02921F54A050}.Release|Any CPU.ActiveCfg = Release|Any CPU
		{FB0C1A27-B0CD-4FAC-BDF9-02921F54A050}.Release|Any CPU.Build.0 = Release|Any CPU
		{528BED5A-3D3F-424F-981A-8C90B03C4BDF}.Debug|Any CPU.ActiveCfg = Debug|Any CPU
		{528BED5A-3D3F-424F-981A-8C90B03C4BDF}.Debug|Any CPU.Build.0 = Debug|Any CPU
		{528BED5A-3D3F-424F-981A-8C90B03C4BDF}.Release|Any CPU.ActiveCfg = Release|Any CPU
		{528BED5A-3D3F-424F-981A-8C90B03C4BDF}.Release|Any CPU.Build.0 = Release|Any CPU
		{D781697C-3E1C-467F-9692-1CB524052923}.Debug|Any CPU.ActiveCfg = Debug|Any CPU
		{D781697C-3E1C-467F-9692-1CB524052923}.Debug|Any CPU.Build.0 = Debug|Any CPU
		{D781697C-3E1C-467F-9692-1CB524052923}.Release|Any CPU.ActiveCfg = Release|Any CPU
		{D781697C-3E1C-467F-9692-1CB524052923}.Release|Any CPU.Build.0 = Release|Any CPU
	EndGlobalSection
	GlobalSection(SolutionProperties) = preSolution
		HideSolutionNode = FALSE
	EndGlobalSection
	GlobalSection(NestedProjects) = preSolution
		{A561ED17-153B-4BD4-B05E-25DB4C522D1E} = {CFDCCA6C-2A11-4D74-82F7-7C21C693453F}
		{8158C075-12FB-4C51-ACDA-260CA816FB6E} = {CFDCCA6C-2A11-4D74-82F7-7C21C693453F}
		{878A7983-395D-4930-A901-DF576E64D070} = {CFDCCA6C-2A11-4D74-82F7-7C21C693453F}
		{C591D32B-17D8-42B6-8C13-492213B32827} = {CFDCCA6C-2A11-4D74-82F7-7C21C693453F}
		{033DBA65-B099-4129-B3BE-3C39903329C7} = {B153F36F-4A23-4A88-B9F3-985BA9B67411}
		{DC28A70F-2B49-4C8E-83BD-7ADCF1FD5FE2} = {B153F36F-4A23-4A88-B9F3-985BA9B67411}
		{E6217A10-AFEA-4EE1-9887-2092E3FDA201} = {B153F36F-4A23-4A88-B9F3-985BA9B67411}
		{D4B57488-42AA-4C9D-B67A-D0D2516F2361} = {B153F36F-4A23-4A88-B9F3-985BA9B67411}
		{70AC8F5E-F79D-44AD-B1F2-956D2B6DC55D} = {B153F36F-4A23-4A88-B9F3-985BA9B67411}
		{21E38C29-3990-4A5F-95A0-F895D7FAC64A} = {98CC97BE-4FAB-416E-8A2C-097952C4312C}
		{E9930F9B-866F-4E93-9AA8-53030CAA6D43} = {98CC97BE-4FAB-416E-8A2C-097952C4312C}
		{FB0C1A27-B0CD-4FAC-BDF9-02921F54A050} = {98CC97BE-4FAB-416E-8A2C-097952C4312C}
		{528BED5A-3D3F-424F-981A-8C90B03C4BDF} = {98CC97BE-4FAB-416E-8A2C-097952C4312C}
		{D781697C-3E1C-467F-9692-1CB524052923} = {98CC97BE-4FAB-416E-8A2C-097952C4312C}
	EndGlobalSection
EndGlobal
